dependencies:
  espressif/cmake_utilities:
    component_hash: 351350613ceafba240b761b4ea991e0f231ac7a9f59a9ee901f751bddc0bb18f
    source:
      service_url: https://api.components.espressif.com/
      type: service
    version: 0.5.3
  espressif__button:
    component_hash: null
    source:
      path: E:\All_Project\ESP32\pocker_lab\E53\components\espressif__button
      type: local
    version: 3.1.3
  espressif__cmake_utilities:
    component_hash: null
    source:
      path: E:\All_Project\ESP32\pocker_lab\E53\components\espressif__cmake_utilities
      type: local
    version: 0.5.3
  espressif__esp32-camera:
    component_hash: null
    source:
      path: E:\All_Project\ESP32\pocker_lab\E53\components\espressif__esp32-camera
      type: local
    version: 2.0.6
  espressif__esp_codec_dev:
    component_hash: null
    source:
      path: E:\All_Project\ESP32\pocker_lab\E53\components\espressif__esp_codec_dev
      type: local
    version: 1.0.3
  espressif__esp_lvgl_port:
    component_hash: null
    source:
      path: E:\All_Project\ESP32\pocker_lab\E53\components\espressif__esp_lvgl_port
      type: local
    version: 1.4.0
  idf:
    component_hash: null
    source:
      type: idf
    version: 5.1.1
  lvgl/lvgl:
    component_hash: 948bff879a345149b83065535bbc4a026ce9f47498a22881e432a264b9098015
    source:
      service_url: https://api.components.espressif.com/
      type: service
    version: 8.3.11
  lvgl__lvgl:
    component_hash: null
    source:
      path: E:\All_Project\ESP32\pocker_lab\E53\components\lvgl__lvgl
      type: local
    version: 8.3.11
manifest_hash: fdacc6cf0d78da732cf50d05d604f08106ffe5523cc44d1ef606f722276bb04c
target: esp32s3
version: 1.0.0
